{
  "name": "godesigner",
  "version": "1.0.0",
  "lockfileVersion": 1,
  "requires": true,
  "dependencies": {
    "jquery": {
      "version": "3.3.1",
      "resolved": "https://registry.npmjs.org/jquery/-/jquery-3.3.1.tgz",
      "integrity": "sha512-Ubldcmxp5np52/ENotGxlLe6aGMvmF4R8S6tZjsP6Knsaxd/xp3Zrh50cG93lR6nPXyUFwzN3ZSOQI0wRJNdGg=="
    },
    "jquery-datepicker": {
      "version": "1.12.3",
      "resolved": "https://registry.npmjs.org/jquery-datepicker/-/jquery-datepicker-1.12.3.tgz",
      "integrity": "sha512-dj140t4syBKTLOvqnDJ/x03u9HcoatvX99t5IY/0IfEtxDtJAxB2VBCAZehbtHJg9Sb7YdC6/2BnGFk1pr/SgA=="
    },
    "jquery-ui": {
      "version": "1.12.1",
      "resolved": "https://registry.npmjs.org/jquery-ui/-/jquery-ui-1.12.1.tgz",
      "integrity": "sha1-vLQEXI3QU5wTS8FIjN0+dop6nlE="
    },
    "jquery.dotdotdot": {
      "version": "3.2.2",
      "resolved": "https://registry.npmjs.org/jquery.dotdotdot/-/jquery.dotdotdot-3.2.2.tgz",
      "integrity": "sha1-RuIgCK4VIBPbsfKlfqJpVZ5I3Y8="
    },
    "slick-carousel": {
      "version": "1.8.1",
      "resolved": "https://registry.npmjs.org/slick-carousel/-/slick-carousel-1.8.1.tgz",
      "integrity": "sha512-XB9Ftrf2EEKfzoQXt3Nitrt/IPbT+f1fgqBdoxO3W/+JYvtEOW6EgxnWfr9GH6nmULv7Y2tPmEX3koxThVmebA=="
    }
  }
}
